
Microsoft Visual Studio Solution File, Format Version 12.00
# Visual Studio Version 16
VisualStudioVersion = 16.0.30503.244
MinimumVisualStudioVersion = 10.0.40219.1
Project("{FAE04EC0-301F-11D3-BF4B-00C04F79EFBC}") = "Fabrica", "Fabrica\Fabrica.csproj", "{A1022C64-B8AC-4588-82BF-718DD527ED1A}"
EndProject
Global
	GlobalSection(SolutionConfigurationPlatforms) = preSolution
		Debug|Any CPU = Debug|Any CPU
		Release|Any CPU = Release|Any CPU
	EndGlobalSection
	GlobalSection(ProjectConfigurationPlatforms) = postSolution
		{A1022C64-B8AC-4588-82BF-718DD527ED1A}.Debug|Any CPU.ActiveCfg = Debug|Any CPU
		{A1022C64-B8AC-4588-82BF-718DD527ED1A}.Debug|Any CPU.Build.0 = Debug|Any CPU
		{A1022C64-B8AC-4588-82BF-718DD527ED1A}.Release|Any CPU.ActiveCfg = Release|Any CPU
		{A1022C64-B8AC-4588-82BF-718DD527ED1A}.Release|Any CPU.Build.0 = Release|Any CPU
	EndGlobalSection
	GlobalSection(SolutionProperties) = preSolution
		HideSolutionNode = FALSE
	EndGlobalSection
	GlobalSection(ExtensibilityGlobals) = postSolution
		SolutionGuid = {D425467F-E801-41AD-8E68-271DCAE274F1}
	EndGlobalSection
EndGlobal
