
Microsoft Visual Studio Solution File, Format Version 12.00
# Visual Studio Version 16
VisualStudioVersion = 16.0.30503.244
MinimumVisualStudioVersion = 10.0.40219.1
Project("{FAE04EC0-301F-11D3-BF4B-00C04F79EFBC}") = "Abstract-Factory", "Abstract-Factory\Abstract-Factory.csproj", "{91E40900-EFCB-42CF-AAE8-70524A70D8D0}"
EndProject
Global
	GlobalSection(SolutionConfigurationPlatforms) = preSolution
		Debug|Any CPU = Debug|Any CPU
		Release|Any CPU = Release|Any CPU
	EndGlobalSection
	GlobalSection(ProjectConfigurationPlatforms) = postSolution
		{91E40900-EFCB-42CF-AAE8-70524A70D8D0}.Debug|Any CPU.ActiveCfg = Debug|Any CPU
		{91E40900-EFCB-42CF-AAE8-70524A70D8D0}.Debug|Any CPU.Build.0 = Debug|Any CPU
		{91E40900-EFCB-42CF-AAE8-70524A70D8D0}.Release|Any CPU.ActiveCfg = Release|Any CPU
		{91E40900-EFCB-42CF-AAE8-70524A70D8D0}.Release|Any CPU.Build.0 = Release|Any CPU
	EndGlobalSection
	GlobalSection(SolutionProperties) = preSolution
		HideSolutionNode = FALSE
	EndGlobalSection
	GlobalSection(ExtensibilityGlobals) = postSolution
		SolutionGuid = {B7964EA8-513C-42D2-84DA-095F01C7BD5B}
	EndGlobalSection
EndGlobal
