
Microsoft Visual Studio Solution File, Format Version 12.00
# Visual Studio Version 16
VisualStudioVersion = 16.0.30503.244
MinimumVisualStudioVersion = 10.0.40219.1
Project("{FAE04EC0-301F-11D3-BF4B-00C04F79EFBC}") = "ClienteTemplateMethod", "ClienteTemplateMethod\ClienteTemplateMethod.csproj", "{3E1E3CF6-DFD1-4B11-BBD5-A765E5C5BE76}"
EndProject
Project("{FAE04EC0-301F-11D3-BF4B-00C04F79EFBC}") = "ModeloTemplateMethod", "ModeloTemplateMethod\ModeloTemplateMethod.csproj", "{CE96CEEE-46AD-4F71-B0D1-61AF6BD21078}"
EndProject
Global
	GlobalSection(SolutionConfigurationPlatforms) = preSolution
		Debug|Any CPU = Debug|Any CPU
		Release|Any CPU = Release|Any CPU
	EndGlobalSection
	GlobalSection(ProjectConfigurationPlatforms) = postSolution
		{3E1E3CF6-DFD1-4B11-BBD5-A765E5C5BE76}.Debug|Any CPU.ActiveCfg = Debug|Any CPU
		{3E1E3CF6-DFD1-4B11-BBD5-A765E5C5BE76}.Debug|Any CPU.Build.0 = Debug|Any CPU
		{3E1E3CF6-DFD1-4B11-BBD5-A765E5C5BE76}.Release|Any CPU.ActiveCfg = Release|Any CPU
		{3E1E3CF6-DFD1-4B11-BBD5-A765E5C5BE76}.Release|Any CPU.Build.0 = Release|Any CPU
		{CE96CEEE-46AD-4F71-B0D1-61AF6BD21078}.Debug|Any CPU.ActiveCfg = Debug|Any CPU
		{CE96CEEE-46AD-4F71-B0D1-61AF6BD21078}.Debug|Any CPU.Build.0 = Debug|Any CPU
		{CE96CEEE-46AD-4F71-B0D1-61AF6BD21078}.Release|Any CPU.ActiveCfg = Release|Any CPU
		{CE96CEEE-46AD-4F71-B0D1-61AF6BD21078}.Release|Any CPU.Build.0 = Release|Any CPU
	EndGlobalSection
	GlobalSection(SolutionProperties) = preSolution
		HideSolutionNode = FALSE
	EndGlobalSection
	GlobalSection(ExtensibilityGlobals) = postSolution
		SolutionGuid = {0ACDBE43-BF42-4E89-82C4-9916ED687DD7}
	EndGlobalSection
EndGlobal
