
Microsoft Visual Studio Solution File, Format Version 12.00
# Visual Studio Version 16
VisualStudioVersion = 16.0.30503.244
MinimumVisualStudioVersion = 10.0.40219.1
Project("{FAE04EC0-301F-11D3-BF4B-00C04F79EFBC}") = "Observer", "Observer\Observer.csproj", "{3AA84268-AAA4-4BF7-B855-4F2A7F53B7B5}"
EndProject
Global
	GlobalSection(SolutionConfigurationPlatforms) = preSolution
		Debug|Any CPU = Debug|Any CPU
		Release|Any CPU = Release|Any CPU
	EndGlobalSection
	GlobalSection(ProjectConfigurationPlatforms) = postSolution
		{3AA84268-AAA4-4BF7-B855-4F2A7F53B7B5}.Debug|Any CPU.ActiveCfg = Debug|Any CPU
		{3AA84268-AAA4-4BF7-B855-4F2A7F53B7B5}.Debug|Any CPU.Build.0 = Debug|Any CPU
		{3AA84268-AAA4-4BF7-B855-4F2A7F53B7B5}.Release|Any CPU.ActiveCfg = Release|Any CPU
		{3AA84268-AAA4-4BF7-B855-4F2A7F53B7B5}.Release|Any CPU.Build.0 = Release|Any CPU
	EndGlobalSection
	GlobalSection(SolutionProperties) = preSolution
		HideSolutionNode = FALSE
	EndGlobalSection
	GlobalSection(ExtensibilityGlobals) = postSolution
		SolutionGuid = {D385CE56-2359-4B58-9597-E50B7ACED137}
	EndGlobalSection
EndGlobal
