
Microsoft Visual Studio Solution File, Format Version 12.00
# Visual Studio Version 16
VisualStudioVersion = 16.0.30503.244
MinimumVisualStudioVersion = 10.0.40219.1
Project("{FAE04EC0-301F-11D3-BF4B-00C04F79EFBC}") = "Proxy", "Proxy\Proxy.csproj", "{A8FA41A1-0C35-49CB-B14A-F1A481991728}"
EndProject
Global
	GlobalSection(SolutionConfigurationPlatforms) = preSolution
		Debug|Any CPU = Debug|Any CPU
		Release|Any CPU = Release|Any CPU
	EndGlobalSection
	GlobalSection(ProjectConfigurationPlatforms) = postSolution
		{A8FA41A1-0C35-49CB-B14A-F1A481991728}.Debug|Any CPU.ActiveCfg = Debug|Any CPU
		{A8FA41A1-0C35-49CB-B14A-F1A481991728}.Debug|Any CPU.Build.0 = Debug|Any CPU
		{A8FA41A1-0C35-49CB-B14A-F1A481991728}.Release|Any CPU.ActiveCfg = Release|Any CPU
		{A8FA41A1-0C35-49CB-B14A-F1A481991728}.Release|Any CPU.Build.0 = Release|Any CPU
	EndGlobalSection
	GlobalSection(SolutionProperties) = preSolution
		HideSolutionNode = FALSE
	EndGlobalSection
	GlobalSection(ExtensibilityGlobals) = postSolution
		SolutionGuid = {955AB646-22BD-4DA1-8FDA-22003BEFC86C}
	EndGlobalSection
EndGlobal
