
Microsoft Visual Studio Solution File, Format Version 12.00
# Visual Studio Version 16
VisualStudioVersion = 16.0.30503.244
MinimumVisualStudioVersion = 10.0.40219.1
Project("{FAE04EC0-301F-11D3-BF4B-00C04F79EFBC}") = "InyeccionDeDependencias", "InyeccionDeDependencias\InyeccionDeDependencias.csproj", "{5DB8B9D7-A337-45B3-9B28-53AB1C1F7689}"
EndProject
Global
	GlobalSection(SolutionConfigurationPlatforms) = preSolution
		Debug|Any CPU = Debug|Any CPU
		Release|Any CPU = Release|Any CPU
	EndGlobalSection
	GlobalSection(ProjectConfigurationPlatforms) = postSolution
		{5DB8B9D7-A337-45B3-9B28-53AB1C1F7689}.Debug|Any CPU.ActiveCfg = Debug|Any CPU
		{5DB8B9D7-A337-45B3-9B28-53AB1C1F7689}.Debug|Any CPU.Build.0 = Debug|Any CPU
		{5DB8B9D7-A337-45B3-9B28-53AB1C1F7689}.Release|Any CPU.ActiveCfg = Release|Any CPU
		{5DB8B9D7-A337-45B3-9B28-53AB1C1F7689}.Release|Any CPU.Build.0 = Release|Any CPU
	EndGlobalSection
	GlobalSection(SolutionProperties) = preSolution
		HideSolutionNode = FALSE
	EndGlobalSection
	GlobalSection(ExtensibilityGlobals) = postSolution
		SolutionGuid = {647DD9DE-B5E7-47EA-8633-71AF4E3D071D}
	EndGlobalSection
EndGlobal
